// !$*UTF8*$!
{
	archiveVersion = 1;
	classes = {
	};
	objectVersion = 46;
	objects = {

/* Begin PBXBuildFile section */
		E87019601DFA5433002E3559 /* main.m in Sources */ = {isa = PBXBuildFile; fileRef = E870195F1DFA5433002E3559 /* main.m */; };
		E87019631DFA5433002E3559 /* AppDelegate.m in Sources */ = {isa = PBXBuildFile; fileRef = E87019621DFA5433002E3559 /* AppDelegate.m */; };
		E87019661DFA5433002E3559 /* ViewController.m in Sources */ = {isa = PBXBuildFile; fileRef = E87019651DFA5433002E3559 /* ViewController.m */; };
		E87019691DFA5433002E3559 /* Main.storyboard in Resources */ = {isa = PBXBuildFile; fileRef = E87019671DFA5433002E3559 /* Main.storyboard */; };
		E870196B1DFA5433002E3559 /* Assets.xcassets in Resources */ = {isa = PBXBuildFile; fileRef = E870196A1DFA5433002E3559 /* Assets.xcassets */; };
		E870196E1DFA5433002E3559 /* LaunchScreen.storyboard in Resources */ = {isa = PBXBuildFile; fileRef = E870196C1DFA5433002E3559 /* LaunchScreen.storyboard */; };
		E87019791DFA5433002E3559 /* GJpictureSwitchDemoTests.m in Sources */ = {isa = PBXBuildFile; fileRef = E87019781DFA5433002E3559 /* GJpictureSwitchDemoTests.m */; };
		E87019841DFA5433002E3559 /* GJpictureSwitchDemoUITests.m in Sources */ = {isa = PBXBuildFile; fileRef = E87019831DFA5433002E3559 /* GJpictureSwitchDemoUITests.m */; };
		E87019941DFA549C002E3559 /* GJpictureSwitch.m in Sources */ = {isa = PBXBuildFile; fileRef = E87019931DFA549C002E3559 /* GJpictureSwitch.m */; };
/* End PBXBuildFile section */

/* Begin PBXContainerItemProxy section */
		E87019751DFA5433002E3559 /* PBXContainerItemProxy */ = {
			isa = PBXContainerItemProxy;
			containerPortal = E87019531DFA5433002E3559 /* Project object */;
			proxyType = 1;
			remoteGlobalIDString = E870195A1DFA5433002E3559;
			remoteInfo = GJpictureSwitchDemo;
		};
		E87019801DFA5433002E3559 /* PBXContainerItemProxy */ = {
			isa = PBXContainerItemProxy;
			containerPortal = E87019531DFA5433002E3559 /* Project object */;
			proxyType = 1;
			remoteGlobalIDString = E870195A1DFA5433002E3559;
			remoteInfo = GJpictureSwitchDemo;
		};
/* End PBXContainerItemProxy section */

/* Begin PBXFileReference section */
		E870195B1DFA5433002E3559 /* GJpictureSwitchDemo.app */ = {isa = PBXFileReference; explicitFileType = wrapper.application; includeInIndex = 0; path = GJpictureSwitchDemo.app; sourceTree = BUILT_PRODUCTS_DIR; };
		E870195F1DFA5433002E3559 /* main.m */ = {isa = PBXFileReference; lastKnownFileType = sourcecode.c.objc; path = main.m; sourceTree = "<group>"; };
		E87019611DFA5433002E3559 /* AppDelegate.h */ = {isa = PBXFileReference; lastKnownFileType = sourcecode.c.h; path = AppDelegate.h; sourceTree = "<group>"; };
		E87019621DFA5433002E3559 /* AppDelegate.m */ = {isa = PBXFileReference; lastKnownFileType = sourcecode.c.objc; path = AppDelegate.m; sourceTree = "<group>"; };
		E87019641DFA5433002E3559 /* ViewController.h */ = {isa = PBXFileReference; lastKnownFileType = sourcecode.c.h; path = ViewController.h; sourceTree = "<group>"; };
		E87019651DFA5433002E3559 /* ViewController.m */ = {isa = PBXFileReference; lastKnownFileType = sourcecode.c.objc; path = ViewController.m; sourceTree = "<group>"; };
		E87019681DFA5433002E3559 /* Base */ = {isa = PBXFileReference; lastKnownFileType = file.storyboard; name = Base; path = Base.lproj/Main.storyboard; sourceTree = "<group>"; };
		E870196A1DFA5433002E3559 /* Assets.xcassets */ = {isa = PBXFileReference; lastKnownFileType = folder.assetcatalog; path = Assets.xcassets; sourceTree = "<group>"; };
		E870196D1DFA5433002E3559 /* Base */ = {isa = PBXFileReference; lastKnownFileType = file.storyboard; name = Base; path = Base.lproj/LaunchScreen.storyboard; sourceTree = "<group>"; };
		E870196F1DFA5433002E3559 /* Info.plist */ = {isa = PBXFileReference; lastKnownFileType = text.plist.xml; path = Info.plist; sourceTree = "<group>"; };
		E87019741DFA5433002E3559 /* GJpictureSwitchDemoTests.xctest */ = {isa = PBXFileReference; explicitFileType = wrapper.cfbundle; includeInIndex = 0; path = GJpictureSwitchDemoTests.xctest; sourceTree = BUILT_PRODUCTS_DIR; };
		E87019781DFA5433002E3559 /* GJpictureSwitchDemoTests.m */ = {isa = PBXFileReference; lastKnownFileType = sourcecode.c.objc; path = GJpictureSwitchDemoTests.m; sourceTree = "<group>"; };
		E870197A1DFA5433002E3559 /* Info.plist */ = {isa = PBXFileReference; lastKnownFileType = text.plist.xml; path = Info.plist; sourceTree = "<group>"; };
		E870197F1DFA5433002E3559 /* GJpictureSwitchDemoUITests.xctest */ = {isa = PBXFileReference; explicitFileType = wrapper.cfbundle; includeInIndex = 0; path = GJpictureSwitchDemoUITests.xctest; sourceTree = BUILT_PRODUCTS_DIR; };
		E87019831DFA5433002E3559 /* GJpictureSwitchDemoUITests.m */ = {isa = PBXFileReference; lastKnownFileType = sourcecode.c.objc; path = GJpictureSwitchDemoUITests.m; sourceTree = "<group>"; };
		E87019851DFA5433002E3559 /* Info.plist */ = {isa = PBXFileReference; lastKnownFileType = text.plist.xml; path = Info.plist; sourceTree = "<group>"; };
		E87019921DFA549C002E3559 /* GJpictureSwitch.h */ = {isa = PBXFileReference; fileEncoding = 4; lastKnownFileType = sourcecode.c.h; name = GJpictureSwitch.h; path = GJpictureSwitch/GJpictureSwitch.h; sourceTree = "<group>"; };
		E87019931DFA549C002E3559 /* GJpictureSwitch.m */ = {isa = PBXFileReference; fileEncoding = 4; lastKnownFileType = sourcecode.c.objc; name = GJpictureSwitch.m; path = GJpictureSwitch/GJpictureSwitch.m; sourceTree = "<group>"; };
/* End PBXFileReference section */

/* Begin PBXFrameworksBuildPhase section */
		E87019581DFA5433002E3559 /* Frameworks */ = {
			isa = PBXFrameworksBuildPhase;
			buildActionMask = 2147483647;
			files = (
			);
			runOnlyForDeploymentPostprocessing = 0;
		};
		E87019711DFA5433002E3559 /* Frameworks */ = {
			isa = PBXFrameworksBuildPhase;
			buildActionMask = 2147483647;
			files = (
			);
			runOnlyForDeploymentPostprocessing = 0;
		};
		E870197C1DFA5433002E3559 /* Frameworks */ = {
			isa = PBXFrameworksBuildPhase;
			buildActionMask = 2147483647;
			files = (
			);
			runOnlyForDeploymentPostprocessing = 0;
		};
/* End PBXFrameworksBuildPhase section */

/* Begin PBXGroup section */
		E87019521DFA5433002E3559 = {
			isa = PBXGroup;
			children = (
				E870195D1DFA5433002E3559 /* GJpictureSwitchDemo */,
				E87019771DFA5433002E3559 /* GJpictureSwitchDemoTests */,
				E87019821DFA5433002E3559 /* GJpictureSwitchDemoUITests */,
				E870195C1DFA5433002E3559 /* Products */,
			);
			sourceTree = "<group>";
		};
		E870195C1DFA5433002E3559 /* Products */ = {
			isa = PBXGroup;
			children = (
				E870195B1DFA5433002E3559 /* GJpictureSwitchDemo.app */,
				E87019741DFA5433002E3559 /* GJpictureSwitchDemoTests.xctest */,
				E870197F1DFA5433002E3559 /* GJpictureSwitchDemoUITests.xctest */,
			);
			name = Products;
			sourceTree = "<group>";
		};
		E870195D1DFA5433002E3559 /* GJpictureSwitchDemo */ = {
			isa = PBXGroup;
			children = (
				E87019911DFA545A002E3559 /* GJpictureSwitch */,
				E87019611DFA5433002E3559 /* AppDelegate.h */,
				E87019621DFA5433002E3559 /* AppDelegate.m */,
				E87019641DFA5433002E3559 /* ViewController.h */,
				E87019651DFA5433002E3559 /* ViewController.m */,
				E87019671DFA5433002E3559 /* Main.storyboard */,
				E870196A1DFA5433002E3559 /* Assets.xcassets */,
				E870196C1DFA5433002E3559 /* LaunchScreen.storyboard */,
				E870196F1DFA5433002E3559 /* Info.plist */,
				E870195E1DFA5433002E3559 /* Supporting Files */,
			);
			path = GJpictureSwitchDemo;
			sourceTree = "<group>";
		};
		E870195E1DFA5433002E3559 /* Supporting Files */ = {
			isa = PBXGroup;
			children = (
				E870195F1DFA5433002E3559 /* main.m */,
			);
			name = "Supporting Files";
			sourceTree = "<group>";
		};
		E87019771DFA5433002E3559 /* GJpictureSwitchDemoTests */ = {
			isa = PBXGroup;
			children = (
				E87019781DFA5433002E3559 /* GJpictureSwitchDemoTests.m */,
				E870197A1DFA5433002E3559 /* Info.plist */,
			);
			path = GJpictureSwitchDemoTests;
			sourceTree = "<group>";
		};
		E87019821DFA5433002E3559 /* GJpictureSwitchDemoUITests */ = {
			isa = PBXGroup;
			children = (
				E87019831DFA5433002E3559 /* GJpictureSwitchDemoUITests.m */,
				E87019851DFA5433002E3559 /* Info.plist */,
			);
			path = GJpictureSwitchDemoUITests;
			sourceTree = "<group>";
		};
		E87019911DFA545A002E3559 /* GJpictureSwitch */ = {
			isa = PBXGroup;
			children = (
				E87019921DFA549C002E3559 /* GJpictureSwitch.h */,
				E87019931DFA549C002E3559 /* GJpictureSwitch.m */,
			);
			name = GJpictureSwitch;
			sourceTree = "<group>";
		};
/* End PBXGroup section */

/* Begin PBXNativeTarget section */
		E870195A1DFA5433002E3559 /* GJpictureSwitchDemo */ = {
			isa = PBXNativeTarget;
			buildConfigurationList = E87019881DFA5433002E3559 /* Build configuration list for PBXNativeTarget "GJpictureSwitchDemo" */;
			buildPhases = (
				E87019571DFA5433002E3559 /* Sources */,
				E87019581DFA5433002E3559 /* Frameworks */,
				E87019591DFA5433002E3559 /* Resources */,
			);
			buildRules = (
			);
			dependencies = (
			);
			name = GJpictureSwitchDemo;
			productName = GJpictureSwitchDemo;
			productReference = E870195B1DFA5433002E3559 /* GJpictureSwitchDemo.app */;
			productType = "com.apple.product-type.application";
		};
		E87019731DFA5433002E3559 /* GJpictureSwitchDemoTests */ = {
			isa = PBXNativeTarget;
			buildConfigurationList = E870198B1DFA5433002E3559 /* Build configuration list for PBXNativeTarget "GJpictureSwitchDemoTests" */;
			buildPhases = (
				E87019701DFA5433002E3559 /* Sources */,
				E87019711DFA5433002E3559 /* Frameworks */,
				E87019721DFA5433002E3559 /* Resources */,
			);
			buildRules = (
			);
			dependencies = (
				E87019761DFA5433002E3559 /* PBXTargetDependency */,
			);
			name = GJpictureSwitchDemoTests;
			productName = GJpictureSwitchDemoTests;
			productReference = E87019741DFA5433002E3559 /* GJpictureSwitchDemoTests.xctest */;
			productType = "com.apple.product-type.bundle.unit-test";
		};
		E870197E1DFA5433002E3559 /* GJpictureSwitchDemoUITests */ = {
			isa = PBXNativeTarget;
			buildConfigurationList = E870198E1DFA5433002E3559 /* Build configuration list for PBXNativeTarget "GJpictureSwitchDemoUITests" */;
			buildPhases = (
				E870197B1DFA5433002E3559 /* Sources */,
				E870197C1DFA5433002E3559 /* Frameworks */,
				E870197D1DFA5433002E3559 /* Resources */,
			);
			buildRules = (
			);
			dependencies = (
				E87019811DFA5433002E3559 /* PBXTargetDependency */,
			);
			name = GJpictureSwitchDemoUITests;
			productName = GJpictureSwitchDemoUITests;
			productReference = E870197F1DFA5433002E3559 /* GJpictureSwitchDemoUITests.xctest */;
			productType = "com.apple.product-type.bundle.ui-testing";
		};
/* End PBXNativeTarget section */

/* Begin PBXProject section */
		E87019531DFA5433002E3559 /* Project object */ = {
			isa = PBXProject;
			attributes = {
				LastUpgradeCheck = 0810;
				ORGANIZATIONNAME = Zhanggaoju;
				TargetAttributes = {
					E870195A1DFA5433002E3559 = {
						CreatedOnToolsVersion = 8.1;
						ProvisioningStyle = Automatic;
					};
					E87019731DFA5433002E3559 = {
						CreatedOnToolsVersion = 8.1;
						ProvisioningStyle = Automatic;
						TestTargetID = E870195A1DFA5433002E3559;
					};
					E870197E1DFA5433002E3559 = {
						CreatedOnToolsVersion = 8.1;
						ProvisioningStyle = Automatic;
						TestTargetID = E870195A1DFA5433002E3559;
					};
				};
			};
			buildConfigurationList = E87019561DFA5433002E3559 /* Build configuration list for PBXProject "GJpictureSwitchDemo" */;
			compatibilityVersion = "Xcode 3.2";
			developmentRegion = English;
			hasScannedForEncodings = 0;
			knownRegions = (
				en,
				Base,
			);
			mainGroup = E87019521DFA5433002E3559;
			productRefGroup = E870195C1DFA5433002E3559 /* Products */;
			projectDirPath = "";
			projectRoot = "";
			targets = (
				E870195A1DFA5433002E3559 /* GJpictureSwitchDemo */,
				E87019731DFA5433002E3559 /* GJpictureSwitchDemoTests */,
				E870197E1DFA5433002E3559 /* GJpictureSwitchDemoUITests */,
			);
		};
/* End PBXProject section */

/* Begin PBXResourcesBuildPhase section */
		E87019591DFA5433002E3559 /* Resources */ = {
			isa = PBXResourcesBuildPhase;
			buildActionMask = 2147483647;
			files = (
				E870196E1DFA5433002E3559 /* LaunchScreen.storyboard in Resources */,
				E870196B1DFA5433002E3559 /* Assets.xcassets in Resources */,
				E87019691DFA5433002E3559 /* Main.storyboard in Resources */,
			);
			runOnlyForDeploymentPostprocessing = 0;
		};
		E87019721DFA5433002E3559 /* Resources */ = {
			isa = PBXResourcesBuildPhase;
			buildActionMask = 2147483647;
			files = (
			);
			runOnlyForDeploymentPostprocessing = 0;
		};
		E870197D1DFA5433002E3559 /* Resources */ = {
			isa = PBXResourcesBuildPhase;
			buildActionMask = 2147483647;
			files = (
			);
			runOnlyForDeploymentPostprocessing = 0;
		};
/* End PBXResourcesBuildPhase section */

/* Begin PBXSourcesBuildPhase section */
		E87019571DFA5433002E3559 /* Sources */ = {
			isa = PBXSourcesBuildPhase;
			buildActionMask = 2147483647;
			files = (
				E87019661DFA5433002E3559 /* ViewController.m in Sources */,
				E87019631DFA5433002E3559 /* AppDelegate.m in Sources */,
				E87019601DFA5433002E3559 /* main.m in Sources */,
				E87019941DFA549C002E3559 /* GJpictureSwitch.m in Sources */,
			);
			runOnlyForDeploymentPostprocessing = 0;
		};
		E87019701DFA5433002E3559 /* Sources */ = {
			isa = PBXSourcesBuildPhase;
			buildActionMask = 2147483647;
			files = (
				E87019791DFA5433002E3559 /* GJpictureSwitchDemoTests.m in Sources */,
			);
			runOnlyForDeploymentPostprocessing = 0;
		};
		E870197B1DFA5433002E3559 /* Sources */ = {
			isa = PBXSourcesBuildPhase;
			buildActionMask = 2147483647;
			files = (
				E87019841DFA5433002E3559 /* GJpictureSwitchDemoUITests.m in Sources */,
			);
			runOnlyForDeploymentPostprocessing = 0;
		};
/* End PBXSourcesBuildPhase section */

/* Begin PBXTargetDependency section */
		E87019761DFA5433002E3559 /* PBXTargetDependency */ = {
			isa = PBXTargetDependency;
			target = E870195A1DFA5433002E3559 /* GJpictureSwitchDemo */;
			targetProxy = E87019751DFA5433002E3559 /* PBXContainerItemProxy */;
		};
		E87019811DFA5433002E3559 /* PBXTargetDependency */ = {
			isa = PBXTargetDependency;
			target = E870195A1DFA5433002E3559 /* GJpictureSwitchDemo */;
			targetProxy = E87019801DFA5433002E3559 /* PBXContainerItemProxy */;
		};
/* End PBXTargetDependency section */

/* Begin PBXVariantGroup section */
		E87019671DFA5433002E3559 /* Main.storyboard */ = {
			isa = PBXVariantGroup;
			children = (
				E87019681DFA5433002E3559 /* Base */,
			);
			name = Main.storyboard;
			sourceTree = "<group>";
		};
		E870196C1DFA5433002E3559 /* LaunchScreen.storyboard */ = {
			isa = PBXVariantGroup;
			children = (
				E870196D1DFA5433002E3559 /* Base */,
			);
			name = LaunchScreen.storyboard;
			sourceTree = "<group>";
		};
/* End PBXVariantGroup section */

/* Begin XCBuildConfiguration section */
		E87019861DFA5433002E3559 /* Debug */ = {
			isa = XCBuildConfiguration;
			buildSettings = {
				ALWAYS_SEARCH_USER_PATHS = NO;
				CLANG_ANALYZER_NONNULL = YES;
				CLANG_CXX_LANGUAGE_STANDARD = "gnu++0x";
				CLANG_CXX_LIBRARY = "libc++";
				CLANG_ENABLE_MODULES = YES;
				CLANG_ENABLE_OBJC_ARC = YES;
				CLANG_WARN_BOOL_CONVERSION = YES;
				CLANG_WARN_CONSTANT_CONVERSION = YES;
				CLANG_WARN_DIRECT_OBJC_ISA_USAGE = YES_ERROR;
				CLANG_WARN_DOCUMENTATION_COMMENTS = YES;
				CLANG_WARN_EMPTY_BODY = YES;
				CLANG_WARN_ENUM_CONVERSION = YES;
				CLANG_WARN_INFINITE_RECURSION = YES;
				CLANG_WARN_INT_CONVERSION = YES;
				CLANG_WARN_OBJC_ROOT_CLASS = YES_ERROR;
				CLANG_WARN_SUSPICIOUS_MOVES = YES;
				CLANG_WARN_UNREACHABLE_CODE = YES;
				CLANG_WARN__DUPLICATE_METHOD_MATCH = YES;
				"CODE_SIGN_IDENTITY[sdk=iphoneos*]" = "iPhone Developer";
				COPY_PHASE_STRIP = NO;
				DEBUG_INFORMATION_FORMAT = dwarf;
				ENABLE_STRICT_OBJC_MSGSEND = YES;
				ENABLE_TESTABILITY = YES;
				GCC_C_LANGUAGE_STANDARD = gnu99;
				GCC_DYNAMIC_NO_PIC = NO;
				GCC_NO_COMMON_BLOCKS = YES;
				GCC_OPTIMIZATION_LEVEL = 0;
				GCC_PREPROCESSOR_DEFINITIONS = (
					"DEBUG=1",
					"$(inherited)",
				);
				GCC_WARN_64_TO_32_BIT_CONVERSION = YES;
				GCC_WARN_ABOUT_RETURN_TYPE = YES_ERROR;
				GCC_WARN_UNDECLARED_SELECTOR = YES;
				GCC_WARN_UNINITIALIZED_AUTOS = YES_AGGRESSIVE;
				GCC_WARN_UNUSED_FUNCTION = YES;
				GCC_WARN_UNUSED_VARIABLE = YES;
				IPHONEOS_DEPLOYMENT_TARGET = 10.1;
				MTL_ENABLE_DEBUG_INFO = YES;
				ONLY_ACTIVE_ARCH = YES;
				SDKROOT = iphoneos;
				TARGETED_DEVICE_FAMILY = "1,2";
			};
			name = Debug;
		};
		E87019871DFA5433002E3559 /* Release */ = {
			isa = XCBuildConfiguration;
			buildSettings = {
				ALWAYS_SEARCH_USER_PATHS = NO;
				CLANG_ANALYZER_NONNULL = YES;
				CLANG_CXX_LANGUAGE_STANDARD = "gnu++0x";
				CLANG_CXX_LIBRARY = "libc++";
				CLANG_ENABLE_MODULES = YES;
				CLANG_ENABLE_OBJC_ARC = YES;
				CLANG_WARN_BOOL_CONVERSION = YES;
				CLANG_WARN_CONSTANT_CONVERSION = YES;
				CLANG_WARN_DIRECT_OBJC_ISA_USAGE = YES_ERROR;
				CLANG_WARN_DOCUMENTATION_COMMENTS = YES;
				CLANG_WARN_EMPTY_BODY = YES;
				CLANG_WARN_ENUM_CONVERSION = YES;
				CLANG_WARN_INFINITE_RECURSION = YES;
				CLANG_WARN_INT_CONVERSION = YES;
				CLANG_WARN_OBJC_ROOT_CLASS = YES_ERROR;
				CLANG_WARN_SUSPICIOUS_MOVES = YES;
				CLANG_WARN_UNREACHABLE_CODE = YES;
				CLANG_WARN__DUPLICATE_METHOD_MATCH = YES;
				"CODE_SIGN_IDENTITY[sdk=iphoneos*]" = "iPhone Developer";
				COPY_PHASE_STRIP = NO;
				DEBUG_INFORMATION_FORMAT = "dwarf-with-dsym";
				ENABLE_NS_ASSERTIONS = NO;
				ENABLE_STRICT_OBJC_MSGSEND = YES;
				GCC_C_LANGUAGE_STANDARD = gnu99;
				GCC_NO_COMMON_BLOCKS = YES;
				GCC_WARN_64_TO_32_BIT_CONVERSION = YES;
				GCC_WARN_ABOUT_RETURN_TYPE = YES_ERROR;
				GCC_WARN_UNDECLARED_SELECTOR = YES;
				GCC_WARN_UNINITIALIZED_AUTOS = YES_AGGRESSIVE;
				GCC_WARN_UNUSED_FUNCTION = YES;
				GCC_WARN_UNUSED_VARIABLE = YES;
				IPHONEOS_DEPLOYMENT_TARGET = 10.1;
				MTL_ENABLE_DEBUG_INFO = NO;
				SDKROOT = iphoneos;
				TARGETED_DEVICE_FAMILY = "1,2";
				VALIDATE_PRODUCT = YES;
			};
			name = Release;
		};
		E87019891DFA5433002E3559 /* Debug */ = {
			isa = XCBuildConfiguration;
			buildSettings = {
				ASSETCATALOG_COMPILER_APPICON_NAME = AppIcon;
				DEVELOPMENT_TEAM = "";
				INFOPLIST_FILE = GJpictureSwitchDemo/Info.plist;
				LD_RUNPATH_SEARCH_PATHS = "$(inherited) @executable_path/Frameworks";
				PRODUCT_BUNDLE_IDENTIFIER = com.net.suonisuoai.GJpictureSwitchDemo;
				PRODUCT_NAME = "$(TARGET_NAME)";
			};
			name = Debug;
		};
		E870198A1DFA5433002E3559 /* Release */ = {
			isa = XCBuildConfiguration;
			buildSettings = {
				ASSETCATALOG_COMPILER_APPICON_NAME = AppIcon;
				DEVELOPMENT_TEAM = "";
				INFOPLIST_FILE = GJpictureSwitchDemo/Info.plist;
				LD_RUNPATH_SEARCH_PATHS = "$(inherited) @executable_path/Frameworks";
				PRODUCT_BUNDLE_IDENTIFIER = com.net.suonisuoai.GJpictureSwitchDemo;
				PRODUCT_NAME = "$(TARGET_NAME)";
			};
			name = Release;
		};
		E870198C1DFA5433002E3559 /* Debug */ = {
			isa = XCBuildConfiguration;
			buildSettings = {
				BUNDLE_LOADER = "$(TEST_HOST)";
				INFOPLIST_FILE = GJpictureSwitchDemoTests/Info.plist;
				LD_RUNPATH_SEARCH_PATHS = "$(inherited) @executable_path/Frameworks @loader_path/Frameworks";
				PRODUCT_BUNDLE_IDENTIFIER = com.net.suonisuoai.GJpictureSwitchDemoTests;
				PRODUCT_NAME = "$(TARGET_NAME)";
				TEST_HOST = "$(BUILT_PRODUCTS_DIR)/GJpictureSwitchDemo.app/GJpictureSwitchDemo";
			};
			name = Debug;
		};
		E870198D1DFA5433002E3559 /* Release */ = {
			isa = XCBuildConfiguration;
			buildSettings = {
				BUNDLE_LOADER = "$(TEST_HOST)";
				INFOPLIST_FILE = GJpictureSwitchDemoTests/Info.plist;
				LD_RUNPATH_SEARCH_PATHS = "$(inherited) @executable_path/Frameworks @loader_path/Frameworks";
				PRODUCT_BUNDLE_IDENTIFIER = com.net.suonisuoai.GJpictureSwitchDemoTests;
				PRODUCT_NAME = "$(TARGET_NAME)";
				TEST_HOST = "$(BUILT_PRODUCTS_DIR)/GJpictureSwitchDemo.app/GJpictureSwitchDemo";
			};
			name = Release;
		};
		E870198F1DFA5433002E3559 /* Debug */ = {
			isa = XCBuildConfiguration;
			buildSettings = {
				INFOPLIST_FILE = GJpictureSwitchDemoUITests/Info.plist;
				LD_RUNPATH_SEARCH_PATHS = "$(inherited) @executable_path/Frameworks @loader_path/Frameworks";
				PRODUCT_BUNDLE_IDENTIFIER = com.net.suonisuoai.GJpictureSwitchDemoUITests;
				PRODUCT_NAME = "$(TARGET_NAME)";
				TEST_TARGET_NAME = GJpictureSwitchDemo;
			};
			name = Debug;
		};
		E87019901DFA5433002E3559 /* Release */ = {
			isa = XCBuildConfiguration;
			buildSettings = {
				INFOPLIST_FILE = GJpictureSwitchDemoUITests/Info.plist;
				LD_RUNPATH_SEARCH_PATHS = "$(inherited) @executable_path/Frameworks @loader_path/Frameworks";
				PRODUCT_BUNDLE_IDENTIFIER = com.net.suonisuoai.GJpictureSwitchDemoUITests;
				PRODUCT_NAME = "$(TARGET_NAME)";
				TEST_TARGET_NAME = GJpictureSwitchDemo;
			};
			name = Release;
		};
/* End XCBuildConfiguration section */

/* Begin XCConfigurationList section */
		E87019561DFA5433002E3559 /* Build configuration list for PBXProject "GJpictureSwitchDemo" */ = {
			isa = XCConfigurationList;
			buildConfigurations = (
				E87019861DFA5433002E3559 /* Debug */,
				E87019871DFA5433002E3559 /* Release */,
			);
			defaultConfigurationIsVisible = 0;
			defaultConfigurationName = Release;
		};
		E87019881DFA5433002E3559 /* Build configuration list for PBXNativeTarget "GJpictureSwitchDemo" */ = {
			isa = XCConfigurationList;
			buildConfigurations = (
				E87019891DFA5433002E3559 /* Debug */,
				E870198A1DFA5433002E3559 /* Release */,
			);
			defaultConfigurationIsVisible = 0;
		};
		E870198B1DFA5433002E3559 /* Build configuration list for PBXNativeTarget "GJpictureSwitchDemoTests" */ = {
			isa = XCConfigurationList;
			buildConfigurations = (
				E870198C1DFA5433002E3559 /* Debug */,
				E870198D1DFA5433002E3559 /* Release */,
			);
			defaultConfigurationIsVisible = 0;
		};
		E870198E1DFA5433002E3559 /* Build configuration list for PBXNativeTarget "GJpictureSwitchDemoUITests" */ = {
			isa = XCConfigurationList;
			buildConfigurations = (
				E870198F1DFA5433002E3559 /* Debug */,
				E87019901DFA5433002E3559 /* Release */,
			);
			defaultConfigurationIsVisible = 0;
		};
/* End XCConfigurationList section */
	};
	rootObject = E87019531DFA5433002E3559 /* Project object */;
}
